{
  "version": "5",
  "specifiers": {
    "jsr:@std/assert@*": "1.0.19",
    "jsr:@std/encoding@1.0.10": "1.0.10",
    "jsr:@std/internal@^1.0.12": "1.0.12",
    "npm:remix@3.0.0-alpha.4": "3.0.0-alpha.4"
  },
  "jsr": {
    "@std/assert@1.0.19": {
      "integrity": "eaada96ee120cb980bc47e040f82814d786fe8162ecc53c91d8df60b8755991e",
      "dependencies": [
        "jsr:@std/internal"
      ]
    },
    "@std/encoding@1.0.10": {
      "integrity": "8783c6384a2d13abd5e9e87a7ae0520a30e9f56aeeaa3bdf910a3eaaf5c811a1"
    },
    "@std/internal@1.0.12": {
      "integrity": "972a634fd5bc34b242024402972cd5143eac68d8dffaca5eaa4dba30ce17b027"
    }
  },
  "npm": {
    "@remix-run/async-context-middleware@0.2.0": {
      "integrity": "sha512-ebnPM2OFM/BO3GSoRKs2i5+lgY/fIunzpL8/RhuEuP9a04cQYXMbEzbdae+qBHTgtsVdPrqeGr/lwlF5FNnQZA==",
      "dependencies": [
        "@remix-run/fetch-router"
      ]
    },
    "@remix-run/auth-middleware@0.1.0": {
      "integrity": "sha512-QZlI4MyU8VTVI6WB4T4MWWqtbYrIUiiBG3mgdJUXjEYMBBoxVAkT/6rT3YErmhX+SVARP2zC46qzujrbYcQLCQ==",
      "dependencies": [
        "@remix-run/fetch-router",
        "@remix-run/session"
      ]
    },
    "@remix-run/auth@0.1.0": {
      "integrity": "sha512-TFsK40jymT7iZyGWOjoqlFFmILdDXy3jYBoI1mohjdqrp8SVWbm7htiSbdd+j8DGBUEbxMTvKcaVG0bPA1M8VA==",
      "dependencies": [
        "@remix-run/fetch-router",
        "@remix-run/session"
      ]
    },
    "@remix-run/component@0.6.0": {
      "integrity": "sha512-hmIUdPnBtONeOH8bbLuOVGSgFD/MAUNvpH0Xwgo27GByBIjQhOm25Tt9R04HQslDhHAzwNVnWeQkr3j9eyXYhQ==",
      "dependencies": [
        "@types/dom-navigation"
      ]
    },
    "@remix-run/compression-middleware@0.1.4": {
      "integrity": "sha512-vE+d4a04Tq9fO5KBmNtMD5GKJEt6U++B1yufEdBMNe5ROBQkpPWSuKlhkRcZyoV8SPEI2HbkKMtQ8QXfGJR11g==",
      "dependencies": [
        "@remix-run/fetch-router",
        "@remix-run/mime",
        "@remix-run/response"
      ]
    },
    "@remix-run/cookie@0.5.1": {
      "integrity": "sha512-gbeZfVd1AKRlFj3IJWcIcR6zqVGz2XGJhR+mcqYiWnYt6KM8oUGtc82dsc4qZnWWA1f0nM4/He9wrU4GjB0pag==",
      "dependencies": [
        "@remix-run/headers"
      ]
    },
    "@remix-run/cop-middleware@0.1.0": {
      "integrity": "sha512-5rMNrBswTJJLPsu1nUfXubgVf7XBTRfPNfd/4QQHaXRdhXVWVxU9HbNJrOjd7iNbBWuZeaJxSdDepbQLnuBkTg==",
      "dependencies": [
        "@remix-run/fetch-router"
      ]
    },
    "@remix-run/cors-middleware@0.1.0": {
      "integrity": "sha512-x5nyxDhWEOnznqetDhtj5WYoHrKpbiZ8K6BCGQ2+DFjLYHoyWCayciUNrqOVSIWc5XdV6KlKHcg1TyQvW/cS4w==",
      "dependencies": [
        "@remix-run/fetch-router",
        "@remix-run/headers"
      ]
    },
    "@remix-run/csrf-middleware@0.1.0": {
      "integrity": "sha512-EZAV9UZrx3qdYu3ov9NgFVJchw6kOLYI2uRB+e3WBVW1phruHKc42EpdJIZ6fU0J9Of0Lfo4X4VTM7O1/u1cWw==",
      "dependencies": [
        "@remix-run/fetch-router",
        "@remix-run/session"
      ]
    },
    "@remix-run/data-schema@0.2.0": {
      "integrity": "sha512-bXgdWcWZS6TkbVO9Piwn035iw0LczfSTFrCW4Vd1k57x/4j3eWZwfHBr3lXdw5whefacs3m3pVZ8RUiu8NtBeA==",
      "dependencies": [
        "@standard-schema/spec"
      ]
    },
    "@remix-run/data-table-mysql@0.2.0": {
      "integrity": "sha512-voTcYUjG12PWlrWIYSqoa+C3WK9Q6TVKPrqnvGKY9s6EVBil9e+glaP2JOM8BbzL0hGuKPifdbrDGfGpGitdQw==",
      "dependencies": [
        "@remix-run/data-table"
      ]
    },
    "@remix-run/data-table-postgres@0.2.0": {
      "integrity": "sha512-03v+zpWL4lMJr34PZ76PWFpjIa4K6Uq3NLBqyvN4ojPpm6J7TGsFwPy6sInRm3HjoS4gPSCEmmQ7dUovWa58EA==",
      "dependencies": [
        "@remix-run/data-table"
      ]
    },
    "@remix-run/data-table-sqlite@0.2.0": {
      "integrity": "sha512-TAQ0u8YnmO3WdnuZULPhc+fgZbKZZPutXiPLf8c9NDhXSC41FlcvfQHTKUxBPVhqdi9mhGiblHHNp6BsVu11dg==",
      "dependencies": [
        "@remix-run/data-table"
      ]
    },
    "@remix-run/data-table@0.2.0": {
      "integrity": "sha512-6QbdlKER0F0rX3XkTHC7ZPBgu/dyGvvgrKRbraBD9iGHTE7AED1emo3/YWsDJUeFzy7INNJaUIpNm9jNcgL8Kg=="
    },
    "@remix-run/fetch-proxy@0.7.1": {
      "integrity": "sha512-rPLfOpAaCXtm1dLI45uIPKERNbXbrh0P9AJc1sliz8pWd/McaFYjdr5KzB4QrFSfPvEt/Wmy6F2521qB1kK0ug==",
      "dependencies": [
        "@remix-run/headers"
      ]
    },
    "@remix-run/fetch-router@0.18.0": {
      "integrity": "sha512-9Z4JgLH9/jD8jiVvAY9LZR+VoZxPJOQ7pENTBJoSo91PZOkPXfCxQWhPhAwYCP8z+/0FV4ZWSg1DmPPoU2f0UQ==",
      "dependencies": [
        "@remix-run/route-pattern"
      ]
    },
    "@remix-run/file-storage-s3@0.1.0": {
      "integrity": "sha512-r80An7nSFidK/0xn9O9/HxfUcgxVpM4kprnTGr6pGhKdgbaTCEtA+U5ETYGfeedFxhDcT+7ue+4Fv/VxeIvFwQ==",
      "dependencies": [
        "@remix-run/file-storage",
        "aws4fetch"
      ]
    },
    "@remix-run/file-storage@0.13.3": {
      "integrity": "sha512-HBDz9RRsFRvI6EoeasklxH/NleGy0QZBXBcA4gQBW8ueucop21TQI4wvGlhZmXcnJ3nP4RkhdF2Gff2/HD5eiA==",
      "dependencies": [
        "@remix-run/fs",
        "@remix-run/lazy-file"
      ]
    },
    "@remix-run/form-data-middleware@0.2.0": {
      "integrity": "sha512-oaBcYvyP/U2GrDdFyQUh2pNCshvKwPFBoUup1Bz3NHnMzym4OkZJgaBi4o7HIJC33QudnqI7Mp7TW1pRg0CvIA==",
      "dependencies": [
        "@remix-run/fetch-router",
        "@remix-run/form-data-parser"
      ]
    },
    "@remix-run/form-data-parser@0.16.0": {
      "integrity": "sha512-k4QCgCyPURpqe+9Rual1GBJ8Ab6ri82Clfh5ooxq03jKQ1TyQZT5xh+XP0R05+Bqg5bzAZl7r2BpmDEvfoRTWw==",
      "dependencies": [
        "@remix-run/multipart-parser"
      ]
    },
    "@remix-run/fs@0.4.2": {
      "integrity": "sha512-z3W2L+iUwgZ7i0S379SYQ8veOe2Weqs+JajmyTCqSVzbmMUniH3qQ6SAYr3FjbrKtLLWHN3SpK4XtFv57VzbLA==",
      "dependencies": [
        "@remix-run/lazy-file",
        "@remix-run/mime"
      ]
    },
    "@remix-run/headers@0.19.0": {
      "integrity": "sha512-+62NbkXuXm9r/NdG6KfH9OCKofCWm8VjkrVPICiHKtRl8Gf2Vi6eFTN4mGgBlZRhd5mmEVRV4hTIn/JUSHDAOw=="
    },
    "@remix-run/html-template@0.3.0": {
      "integrity": "sha512-aAMx68udtIk0fmCpCXHYscVeCDsRVEmEgh4XvtusPr3vkHu3jn4gx5oAxgsPXPdDmmD/d75SYyI0m/F+aLz5iQ=="
    },
    "@remix-run/lazy-file@5.0.2": {
      "integrity": "sha512-52Bo5dTV+EDwrUMS3mjeR+Sly85aHeN3fnNTeaflqzlCMWJwr2pX+y6/3mTDtRdxmTWF1MGQAoeayzfPb4zZJg==",
      "dependencies": [
        "@remix-run/mime"
      ]
    },
    "@remix-run/logger-middleware@0.1.4": {
      "integrity": "sha512-gFDyYn8o5ddjQoEbrc8CK6PPq3lzrOX6BCqlvM+QVTMJ5/2aHgfMbQdXnWtbeiWJJrpODpABrSNfjLkHjaK4og==",
      "dependencies": [
        "@remix-run/fetch-router"
      ]
    },
    "@remix-run/method-override-middleware@0.1.5": {
      "integrity": "sha512-HYQG6YR4l0rYMJ0MXth9SWfeSCwnqHIrWgMQpZHKS/MT7roX7EAfknrl9vzjQWsVfkwl6RrSD30SrLPONj3tsg==",
      "dependencies": [
        "@remix-run/fetch-router"
      ]
    },
    "@remix-run/mime@0.4.0": {
      "integrity": "sha512-O6TcTL6CtuX82Q8BHqAere5O+0hYcrzSgY9whsDOBuqbW753Rczprs2jYw3qCDSo0kLxykW4ys3qgZcdgZ+chw=="
    },
    "@remix-run/multipart-parser@0.15.0": {
      "integrity": "sha512-/Ugo6k2bN7gh7Ybyhe7R/NrkD075fHrEfVf17P+NNC9rlWHBQCOSyJ4V8n4wtoG8umeImagU/AuHuUuTwzvHww==",
      "dependencies": [
        "@remix-run/headers"
      ]
    },
    "@remix-run/node-fetch-server@0.13.0": {
      "integrity": "sha512-1EsNo0ZpgXu/90AWoRZf/oE3RVTUS80tiTUpt+hv5pjtAkw7icN4WskDwz/KdAw5ARbJLMhZBrO1NqThmy/McA=="
    },
    "@remix-run/response@0.3.2": {
      "integrity": "sha512-GkFqVq5E7Do6rMKTBjgoNyJlrsLrqYg+TDlCDrXoZ3v8O2RlSI14+bCF8lGQHy15DWX2pizVj6R0e6NmjcuLuA==",
      "dependencies": [
        "@remix-run/headers",
        "@remix-run/html-template",
        "@remix-run/mime"
      ]
    },
    "@remix-run/route-pattern@0.20.0": {
      "integrity": "sha512-TEdJ5eFn40St26oyaRYGI1FWeXDvlEzkbvollM8Xit0qIuDFyFG03Okvvfc1s8KgR9sYULDPjxJIzk6xvIRR9A=="
    },
    "@remix-run/session-middleware@0.2.0": {
      "integrity": "sha512-kRAr0inELyXeOnUhlaM/eKIe9x1RZsOGbglb7Keb1+Lf6KxWxNMwv1ymmHBfae2ossjQTN/QUaABwQgX/uk3DQ==",
      "dependencies": [
        "@remix-run/cookie",
        "@remix-run/fetch-router",
        "@remix-run/session"
      ]
    },
    "@remix-run/session-storage-memcache@0.1.0": {
      "integrity": "sha512-k853rpHncdTJUwdk0hqd+gZ2OONZLNdOUJBKdJB+MehxrVv1TtacDnA+Xs3kh+IVwUrsTmBhED+GHSUocMATUg==",
      "dependencies": [
        "@remix-run/session"
      ]
    },
    "@remix-run/session-storage-redis@0.1.0": {
      "integrity": "sha512-MovUS1E98wDHP8zsESJGm3ySB7iiOhd+3usxyXXM2sbF9gIe6r1bdAXXirGIoC8AEq1v8IiFE5u5ipo7PX0UHQ==",
      "dependencies": [
        "@remix-run/session"
      ]
    },
    "@remix-run/session@0.4.1": {
      "integrity": "sha512-Bm6aKYgutb/raHZ3laloz8g/Qu7f3CeK3o4gUVDMxtEiAdWCzJamwHoTpGOc5+g1Kuy7z85v4M6nGrF06MFDSg=="
    },
    "@remix-run/static-middleware@0.4.5": {
      "integrity": "sha512-jxEbrQMDWcUgmv/2NSv4pahvaW3I4jxqZUMDQ7/VfkcgeJKLFk15vgp4BJ5vLDKKMvwVcgM0Ccbw4Y3Ev2zemA==",
      "dependencies": [
        "@remix-run/fetch-router",
        "@remix-run/fs",
        "@remix-run/html-template",
        "@remix-run/mime",
        "@remix-run/response"
      ]
    },
    "@remix-run/tar-parser@0.7.0": {
      "integrity": "sha512-PW8JxEUzaGcnqxC5hBI8L9lK/Qz3oad6IGKZ+NExI3L7urVJUux+yCBrsme79DMBgS6hL+lgd/5LPFA5fSwF9A=="
    },
    "@standard-schema/spec@1.1.0": {
      "integrity": "sha512-l2aFy5jALhniG5HgqrD6jXLi/rUWrKvqN/qJx6yoJsgKhblVd+iqqU4RCXavm/jPityDo5TCvKMnpjKnOriy0w=="
    },
    "@types/dom-navigation@1.0.7": {
      "integrity": "sha512-Di4W+i2faYquHUnyWUg3bBQp5pTNvjDDA7mIYfD/1WlLgan6sKkeVjGbdL78K0CuNEk5Pfc/c0rfelwkz10mnQ=="
    },
    "aws4fetch@1.0.20": {
      "integrity": "sha512-/djoAN709iY65ETD6LKCtyyEI04XIBP5xVvfmNxsEP0uJB5tyaGBztSryRr4HqMStr9R06PisQE7m9zDTXKu6g=="
    },
    "remix@3.0.0-alpha.4": {
      "integrity": "sha512-fvYHPm8QbrbL09wmmddrnknyntB+fl4bLmpECpK32cOoJW3pMoMvESBB1qRAQe+yWgTexVjp5G3BGOmmtYOX0A==",
      "dependencies": [
        "@remix-run/async-context-middleware",
        "@remix-run/auth",
        "@remix-run/auth-middleware",
        "@remix-run/component",
        "@remix-run/compression-middleware",
        "@remix-run/cookie",
        "@remix-run/cop-middleware",
        "@remix-run/cors-middleware",
        "@remix-run/csrf-middleware",
        "@remix-run/data-schema",
        "@remix-run/data-table",
        "@remix-run/data-table-mysql",
        "@remix-run/data-table-postgres",
        "@remix-run/data-table-sqlite",
        "@remix-run/fetch-proxy",
        "@remix-run/fetch-router",
        "@remix-run/file-storage",
        "@remix-run/file-storage-s3",
        "@remix-run/form-data-middleware",
        "@remix-run/form-data-parser",
        "@remix-run/fs",
        "@remix-run/headers",
        "@remix-run/html-template",
        "@remix-run/lazy-file",
        "@remix-run/logger-middleware",
        "@remix-run/method-override-middleware",
        "@remix-run/mime",
        "@remix-run/multipart-parser",
        "@remix-run/node-fetch-server",
        "@remix-run/response",
        "@remix-run/route-pattern",
        "@remix-run/session",
        "@remix-run/session-middleware",
        "@remix-run/session-storage-memcache",
        "@remix-run/session-storage-redis",
        "@remix-run/static-middleware",
        "@remix-run/tar-parser"
      ]
    }
  },
  "workspace": {
    "members": {
      "packages/dpop": {
        "dependencies": [
          "jsr:@std/assert@*",
          "jsr:@std/encoding@1.0.10"
        ]
      }
    }
  }
}
